{
  "name": "xtal-frappe-chart",
  "version": "0.0.107",
  "lockfileVersion": 2,
  "requires": true,
  "packages": {
    "": {
      "name": "xtal-frappe-chart",
      "version": "0.0.107",
      "license": "MIT",
      "dependencies": {
        "frappe-charts": "1.6.2",
        "trans-render": "0.0.883"
      },
      "devDependencies": {
        "@playwright/test": "1.50.1",
        "ssi-server": "0.0.1"
      }
    },
    "node_modules/@playwright/test": {
      "version": "1.50.1",
      "resolved": "https://registry.npmjs.org/@playwright/test/-/test-1.50.1.tgz",
      "integrity": "sha512-Jii3aBg+CEDpgnuDxEp/h7BimHcUTDlpEtce89xEumlJ5ef2hqepZ+PWp1DDpYC/VO9fmWVI1IlEaoI5fK9FXQ==",
      "dev": true,
      "license": "Apache-2.0",
      "dependencies": {
        "playwright": "1.50.1"
      },
      "bin": {
        "playwright": "cli.js"
      },
      "engines": {
        "node": ">=18"
      }
    },
    "node_modules/frappe-charts": {
      "version": "1.6.2",
      "resolved": "https://registry.npmjs.org/frappe-charts/-/frappe-charts-1.6.2.tgz",
      "integrity": "sha512-9TC3/+YVUi84yYoEbxFiSqu+1FQ5If/ydUNj6i8FRpwynd08t6a7RkS+IRJozAk6NfdL8/LVTTE1DUOjjKZZxg==",
      "license": "MIT"
    },
    "node_modules/fsevents": {
      "version": "2.3.2",
      "resolved": "https://registry.npmjs.org/fsevents/-/fsevents-2.3.2.tgz",
      "integrity": "sha512-xiqMQR4xAeHTuB9uWm+fFRcIOgKBMiOBP+eXiyT7jsgVCq1bkVygt00oASowB7EdtpOHaaPgKt812P9ab+DDKA==",
      "dev": true,
      "hasInstallScript": true,
      "license": "MIT",
      "optional": true,
      "os": [
        "darwin"
      ],
      "engines": {
        "node": "^8.16.0 || ^10.6.0 || >=11.0.0"
      }
    },
    "node_modules/mount-observer": {
      "version": "0.0.44",
      "resolved": "https://registry.npmjs.org/mount-observer/-/mount-observer-0.0.44.tgz",
      "integrity": "sha512-ejL3r5b/dUJRSADxADLmEzn1HpcEshXqOcqqU+4KEo3qlRKgUEfD0bp8m+W7EjgdtT0OuRKM//SDdhbW0DxaxA==",
      "license": "MIT"
    },
    "node_modules/playwright": {
      "version": "1.50.1",
      "resolved": "https://registry.npmjs.org/playwright/-/playwright-1.50.1.tgz",
      "integrity": "sha512-G8rwsOQJ63XG6BbKj2w5rHeavFjy5zynBA9zsJMMtBoe/Uf757oG12NXz6e6OirF7RCrTVAKFXbLmn1RbL7Qaw==",
      "dev": true,
      "license": "Apache-2.0",
      "dependencies": {
        "playwright-core": "1.50.1"
      },
      "bin": {
        "playwright": "cli.js"
      },
      "engines": {
        "node": ">=18"
      },
      "optionalDependencies": {
        "fsevents": "2.3.2"
      }
    },
    "node_modules/playwright-core": {
      "version": "1.50.1",
      "resolved": "https://registry.npmjs.org/playwright-core/-/playwright-core-1.50.1.tgz",
      "integrity": "sha512-ra9fsNWayuYumt+NiM069M6OkcRb1FZSK8bgi66AtpFoWkg2+y0bJSNmkFrWhMbEBbVKC/EruAHH3g0zmtwGmQ==",
      "dev": true,
      "license": "Apache-2.0",
      "bin": {
        "playwright-core": "cli.js"
      },
      "engines": {
        "node": ">=18"
      }
    },
    "node_modules/ssi-server": {
      "version": "0.0.1",
      "resolved": "https://registry.npmjs.org/ssi-server/-/ssi-server-0.0.1.tgz",
      "integrity": "sha512-HdgGAl+z7O0lq3Bl4cCnj4tKg7mG3rI4srKnaoPTHIzHO4QMMdvP9z6IDRz1fIpgLBMi6b6ZnvbYa2TSPjBhpg==",
      "dev": true,
      "license": "Apache-2.0"
    },
    "node_modules/trans-render": {
      "version": "0.0.883",
      "resolved": "https://registry.npmjs.org/trans-render/-/trans-render-0.0.883.tgz",
      "integrity": "sha512-VrGmZOg2XtdySU+727VOn9+p98rF7MHOnK4IPKmoCRbUtu1G7ADI+H/UU/ZVkb5hNmyWswCgmIcejcUb81WruQ==",
      "license": "MIT",
      "dependencies": {
        "mount-observer": "0.0.44"
      }
    }
  },
  "dependencies": {
    "@playwright/test": {
      "version": "1.50.1",
      "resolved": "https://registry.npmjs.org/@playwright/test/-/test-1.50.1.tgz",
      "integrity": "sha512-Jii3aBg+CEDpgnuDxEp/h7BimHcUTDlpEtce89xEumlJ5ef2hqepZ+PWp1DDpYC/VO9fmWVI1IlEaoI5fK9FXQ==",
      "dev": true,
      "requires": {
        "playwright": "1.50.1"
      }
    },
    "frappe-charts": {
      "version": "1.6.2",
      "resolved": "https://registry.npmjs.org/frappe-charts/-/frappe-charts-1.6.2.tgz",
      "integrity": "sha512-9TC3/+YVUi84yYoEbxFiSqu+1FQ5If/ydUNj6i8FRpwynd08t6a7RkS+IRJozAk6NfdL8/LVTTE1DUOjjKZZxg=="
    },
    "fsevents": {
      "version": "2.3.2",
      "resolved": "https://registry.npmjs.org/fsevents/-/fsevents-2.3.2.tgz",
      "integrity": "sha512-xiqMQR4xAeHTuB9uWm+fFRcIOgKBMiOBP+eXiyT7jsgVCq1bkVygt00oASowB7EdtpOHaaPgKt812P9ab+DDKA==",
      "dev": true,
      "optional": true
    },
    "mount-observer": {
      "version": "0.0.44",
      "resolved": "https://registry.npmjs.org/mount-observer/-/mount-observer-0.0.44.tgz",
      "integrity": "sha512-ejL3r5b/dUJRSADxADLmEzn1HpcEshXqOcqqU+4KEo3qlRKgUEfD0bp8m+W7EjgdtT0OuRKM//SDdhbW0DxaxA=="
    },
    "playwright": {
      "version": "1.50.1",
      "resolved": "https://registry.npmjs.org/playwright/-/playwright-1.50.1.tgz",
      "integrity": "sha512-G8rwsOQJ63XG6BbKj2w5rHeavFjy5zynBA9zsJMMtBoe/Uf757oG12NXz6e6OirF7RCrTVAKFXbLmn1RbL7Qaw==",
      "dev": true,
      "requires": {
        "fsevents": "2.3.2",
        "playwright-core": "1.50.1"
      }
    },
    "playwright-core": {
      "version": "1.50.1",
      "resolved": "https://registry.npmjs.org/playwright-core/-/playwright-core-1.50.1.tgz",
      "integrity": "sha512-ra9fsNWayuYumt+NiM069M6OkcRb1FZSK8bgi66AtpFoWkg2+y0bJSNmkFrWhMbEBbVKC/EruAHH3g0zmtwGmQ==",
      "dev": true
    },
    "ssi-server": {
      "version": "0.0.1",
      "resolved": "https://registry.npmjs.org/ssi-server/-/ssi-server-0.0.1.tgz",
      "integrity": "sha512-HdgGAl+z7O0lq3Bl4cCnj4tKg7mG3rI4srKnaoPTHIzHO4QMMdvP9z6IDRz1fIpgLBMi6b6ZnvbYa2TSPjBhpg==",
      "dev": true
    },
    "trans-render": {
      "version": "0.0.883",
      "resolved": "https://registry.npmjs.org/trans-render/-/trans-render-0.0.883.tgz",
      "integrity": "sha512-VrGmZOg2XtdySU+727VOn9+p98rF7MHOnK4IPKmoCRbUtu1G7ADI+H/UU/ZVkb5hNmyWswCgmIcejcUb81WruQ==",
      "requires": {
        "mount-observer": "0.0.44"
      }
    }
  }
}
